
Microsoft Visual Studio Solution File, Format Version 12.00
# Visual Studio Version 16
VisualStudioVersion = 16.0.33328.57
MinimumVisualStudioVersion = 10.0.40219.1
Project("{FAE04EC0-301F-11D3-BF4B-00C04F79EFBC}") = "HiveCompany", "HiveCompany\HiveCompany.csproj", "{65FBC7FE-89A1-4288-8FA1-D56276080E0A}"
EndProject
Global
	GlobalSection(SolutionConfigurationPlatforms) = preSolution
		Debug|Any CPU = Debug|Any CPU
		Release|Any CPU = Release|Any CPU
	EndGlobalSection
	GlobalSection(ProjectConfigurationPlatforms) = postSolution
		{65FBC7FE-89A1-4288-8FA1-D56276080E0A}.Debug|Any CPU.ActiveCfg = Debug|Any CPU
		{65FBC7FE-89A1-4288-8FA1-D56276080E0A}.Debug|Any CPU.Build.0 = Debug|Any CPU
		{65FBC7FE-89A1-4288-8FA1-D56276080E0A}.Release|Any CPU.ActiveCfg = Release|Any CPU
		{65FBC7FE-89A1-4288-8FA1-D56276080E0A}.Release|Any CPU.Build.0 = Release|Any CPU
	EndGlobalSection
	GlobalSection(SolutionProperties) = preSolution
		HideSolutionNode = FALSE
	EndGlobalSection
	GlobalSection(ExtensibilityGlobals) = postSolution
		SolutionGuid = {4361D819-3C06-404E-9330-88ECCE4193C5}
	EndGlobalSection
EndGlobal
